// !$*UTF8*$!
{
	archiveVersion = 1;
	classes = {
	};
	objectVersion = 56;
	objects = {

/* Begin PBXBuildFile section */
		DC9DD10E2C7D0BA70074CCF9 /* CoreDataModel.xcdatamodeld in Sources */ = {isa = PBXBuildFile; fileRef = DC9DD10C2C7D0BA70074CCF9 /* CoreDataModel.xcdatamodeld */; };
		DC9DD1212C7D24FD0074CCF9 /* TodoItem+CoreDataClass.swift in Sources */ = {isa = PBXBuildFile; fileRef = DC9DD11F2C7D24FD0074CCF9 /* TodoItem+CoreDataClass.swift */; };
		DC9DD1222C7D24FD0074CCF9 /* TodoItem+CoreDataProperties.swift in Sources */ = {isa = PBXBuildFile; fileRef = DC9DD1202C7D24FD0074CCF9 /* TodoItem+CoreDataProperties.swift */; };
		DCA312492C7A251D00D2D0C2 /* AppDelegate.swift in Sources */ = {isa = PBXBuildFile; fileRef = DCA312482C7A251D00D2D0C2 /* AppDelegate.swift */; };
		DCA3124B2C7A251D00D2D0C2 /* SceneDelegate.swift in Sources */ = {isa = PBXBuildFile; fileRef = DCA3124A2C7A251D00D2D0C2 /* SceneDelegate.swift */; };
		DCA312502C7A251D00D2D0C2 /* Base in Resources */ = {isa = PBXBuildFile; fileRef = DCA3124F2C7A251D00D2D0C2 /* Base */; };
		DCA312552C7A251F00D2D0C2 /* Assets.xcassets in Resources */ = {isa = PBXBuildFile; fileRef = DCA312542C7A251F00D2D0C2 /* Assets.xcassets */; };
		DCA312582C7A251F00D2D0C2 /* Base in Resources */ = {isa = PBXBuildFile; fileRef = DCA312572C7A251F00D2D0C2 /* Base */; };
		DCA312602C7A25C400D2D0C2 /* TableViewController.swift in Sources */ = {isa = PBXBuildFile; fileRef = DCA3125F2C7A25C400D2D0C2 /* TableViewController.swift */; };
		DCB52DA32C7B4B99009C3DA5 /* Model.swift in Sources */ = {isa = PBXBuildFile; fileRef = DCB52DA22C7B4B99009C3DA5 /* Model.swift */; };
		DCC5F0CB2C7B381600523E5E /* DetailViewController.swift in Sources */ = {isa = PBXBuildFile; fileRef = DCC5F0CA2C7B381600523E5E /* DetailViewController.swift */; };
/* End PBXBuildFile section */

/* Begin PBXFileReference section */
		DC9DD10D2C7D0BA70074CCF9 /* Todo.xcdatamodel */ = {isa = PBXFileReference; lastKnownFileType = wrapper.xcdatamodel; path = Todo.xcdatamodel; sourceTree = "<group>"; };
		DC9DD11F2C7D24FD0074CCF9 /* TodoItem+CoreDataClass.swift */ = {isa = PBXFileReference; lastKnownFileType = sourcecode.swift; path = "TodoItem+CoreDataClass.swift"; sourceTree = "<group>"; };
		DC9DD1202C7D24FD0074CCF9 /* TodoItem+CoreDataProperties.swift */ = {isa = PBXFileReference; lastKnownFileType = sourcecode.swift; path = "TodoItem+CoreDataProperties.swift"; sourceTree = "<group>"; };
		DCA312452C7A251D00D2D0C2 /* TodoListTest.app */ = {isa = PBXFileReference; explicitFileType = wrapper.application; includeInIndex = 0; path = TodoListTest.app; sourceTree = BUILT_PRODUCTS_DIR; };
		DCA312482C7A251D00D2D0C2 /* AppDelegate.swift */ = {isa = PBXFileReference; lastKnownFileType = sourcecode.swift; path = AppDelegate.swift; sourceTree = "<group>"; };
		DCA3124A2C7A251D00D2D0C2 /* SceneDelegate.swift */ = {isa = PBXFileReference; lastKnownFileType = sourcecode.swift; path = SceneDelegate.swift; sourceTree = "<group>"; };
		DCA3124F2C7A251D00D2D0C2 /* Base */ = {isa = PBXFileReference; lastKnownFileType = file.storyboard; name = Base; path = Base.lproj/Main.storyboard; sourceTree = "<group>"; };
		DCA312542C7A251F00D2D0C2 /* Assets.xcassets */ = {isa = PBXFileReference; lastKnownFileType = folder.assetcatalog; path = Assets.xcassets; sourceTree = "<group>"; };
		DCA312572C7A251F00D2D0C2 /* Base */ = {isa = PBXFileReference; lastKnownFileType = file.storyboard; name = Base; path = Base.lproj/LaunchScreen.storyboard; sourceTree = "<group>"; };
		DCA312592C7A251F00D2D0C2 /* Info.plist */ = {isa = PBXFileReference; lastKnownFileType = text.plist.xml; path = Info.plist; sourceTree = "<group>"; };
		DCA3125F2C7A25C400D2D0C2 /* TableViewController.swift */ = {isa = PBXFileReference; lastKnownFileType = sourcecode.swift; path = TableViewController.swift; sourceTree = "<group>"; };
		DCB52DA22C7B4B99009C3DA5 /* Model.swift */ = {isa = PBXFileReference; lastKnownFileType = sourcecode.swift; path = Model.swift; sourceTree = "<group>"; };
		DCC5F0CA2C7B381600523E5E /* DetailViewController.swift */ = {isa = PBXFileReference; lastKnownFileType = sourcecode.swift; path = DetailViewController.swift; sourceTree = "<group>"; };
/* End PBXFileReference section */

/* Begin PBXFrameworksBuildPhase section */
		DCA312422C7A251D00D2D0C2 /* Frameworks */ = {
			isa = PBXFrameworksBuildPhase;
			buildActionMask = 2147483647;
			files = (
			);
			runOnlyForDeploymentPostprocessing = 0;
		};
/* End PBXFrameworksBuildPhase section */

/* Begin PBXGroup section */
		DC68990D2C7B649800359AFA /* Model */ = {
			isa = PBXGroup;
			children = (
				DC9DD11F2C7D24FD0074CCF9 /* TodoItem+CoreDataClass.swift */,
				DC9DD1202C7D24FD0074CCF9 /* TodoItem+CoreDataProperties.swift */,
				DCB52DA22C7B4B99009C3DA5 /* Model.swift */,
			);
			path = Model;
			sourceTree = "<group>";
		};
		DCA3123C2C7A251D00D2D0C2 = {
			isa = PBXGroup;
			children = (
				DCA312472C7A251D00D2D0C2 /* TodoListTest */,
				DCA312462C7A251D00D2D0C2 /* Products */,
			);
			sourceTree = "<group>";
		};
		DCA312462C7A251D00D2D0C2 /* Products */ = {
			isa = PBXGroup;
			children = (
				DCA312452C7A251D00D2D0C2 /* TodoListTest.app */,
			);
			name = Products;
			sourceTree = "<group>";
		};
		DCA312472C7A251D00D2D0C2 /* TodoListTest */ = {
			isa = PBXGroup;
			children = (
				DC68990D2C7B649800359AFA /* Model */,
				DCA312482C7A251D00D2D0C2 /* AppDelegate.swift */,
				DCA3124A2C7A251D00D2D0C2 /* SceneDelegate.swift */,
				DCA3125F2C7A25C400D2D0C2 /* TableViewController.swift */,
				DCC5F0CA2C7B381600523E5E /* DetailViewController.swift */,
				DC9DD10C2C7D0BA70074CCF9 /* CoreDataModel.xcdatamodeld */,
				DCA3124E2C7A251D00D2D0C2 /* Main.storyboard */,
				DCA312542C7A251F00D2D0C2 /* Assets.xcassets */,
				DCA312562C7A251F00D2D0C2 /* LaunchScreen.storyboard */,
				DCA312592C7A251F00D2D0C2 /* Info.plist */,
			);
			path = TodoListTest;
			sourceTree = "<group>";
		};
/* End PBXGroup section */

/* Begin PBXNativeTarget section */
		DCA312442C7A251D00D2D0C2 /* TodoListTest */ = {
			isa = PBXNativeTarget;
			buildConfigurationList = DCA3125C2C7A251F00D2D0C2 /* Build configuration list for PBXNativeTarget "TodoListTest" */;
			buildPhases = (
				DCA312412C7A251D00D2D0C2 /* Sources */,
				DCA312422C7A251D00D2D0C2 /* Frameworks */,
				DCA312432C7A251D00D2D0C2 /* Resources */,
			);
			buildRules = (
			);
			dependencies = (
			);
			name = TodoListTest;
			productName = TodoListTest;
			productReference = DCA312452C7A251D00D2D0C2 /* TodoListTest.app */;
			productType = "com.apple.product-type.application";
		};
/* End PBXNativeTarget section */

/* Begin PBXProject section */
		DCA3123D2C7A251D00D2D0C2 /* Project object */ = {
			isa = PBXProject;
			attributes = {
				BuildIndependentTargetsInParallel = 1;
				LastSwiftUpdateCheck = 1540;
				LastUpgradeCheck = 1540;
				TargetAttributes = {
					DCA312442C7A251D00D2D0C2 = {
						CreatedOnToolsVersion = 15.4;
					};
				};
			};
			buildConfigurationList = DCA312402C7A251D00D2D0C2 /* Build configuration list for PBXProject "TodoListTest" */;
			compatibilityVersion = "Xcode 14.0";
			developmentRegion = en;
			hasScannedForEncodings = 0;
			knownRegions = (
				en,
				Base,
				ru,
			);
			mainGroup = DCA3123C2C7A251D00D2D0C2;
			productRefGroup = DCA312462C7A251D00D2D0C2 /* Products */;
			projectDirPath = "";
			projectRoot = "";
			targets = (
				DCA312442C7A251D00D2D0C2 /* TodoListTest */,
			);
		};
/* End PBXProject section */

/* Begin PBXResourcesBuildPhase section */
		DCA312432C7A251D00D2D0C2 /* Resources */ = {
			isa = PBXResourcesBuildPhase;
			buildActionMask = 2147483647;
			files = (
				DCA312552C7A251F00D2D0C2 /* Assets.xcassets in Resources */,
				DCA312582C7A251F00D2D0C2 /* Base in Resources */,
				DCA312502C7A251D00D2D0C2 /* Base in Resources */,
			);
			runOnlyForDeploymentPostprocessing = 0;
		};
/* End PBXResourcesBuildPhase section */

/* Begin PBXSourcesBuildPhase section */
		DCA312412C7A251D00D2D0C2 /* Sources */ = {
			isa = PBXSourcesBuildPhase;
			buildActionMask = 2147483647;
			files = (
				DCA312492C7A251D00D2D0C2 /* AppDelegate.swift in Sources */,
				DC9DD10E2C7D0BA70074CCF9 /* CoreDataModel.xcdatamodeld in Sources */,
				DCA3124B2C7A251D00D2D0C2 /* SceneDelegate.swift in Sources */,
				DCA312602C7A25C400D2D0C2 /* TableViewController.swift in Sources */,
				DCC5F0CB2C7B381600523E5E /* DetailViewController.swift in Sources */,
				DC9DD1212C7D24FD0074CCF9 /* TodoItem+CoreDataClass.swift in Sources */,
				DC9DD1222C7D24FD0074CCF9 /* TodoItem+CoreDataProperties.swift in Sources */,
				DCB52DA32C7B4B99009C3DA5 /* Model.swift in Sources */,
			);
			runOnlyForDeploymentPostprocessing = 0;
		};
/* End PBXSourcesBuildPhase section */

/* Begin PBXVariantGroup section */
		DCA3124E2C7A251D00D2D0C2 /* Main.storyboard */ = {
			isa = PBXVariantGroup;
			children = (
				DCA3124F2C7A251D00D2D0C2 /* Base */,
			);
			name = Main.storyboard;
			sourceTree = "<group>";
		};
		DCA312562C7A251F00D2D0C2 /* LaunchScreen.storyboard */ = {
			isa = PBXVariantGroup;
			children = (
				DCA312572C7A251F00D2D0C2 /* Base */,
			);
			name = LaunchScreen.storyboard;
			sourceTree = "<group>";
		};
/* End PBXVariantGroup section */

/* Begin XCBuildConfiguration section */
		DCA3125A2C7A251F00D2D0C2 /* Debug */ = {
			isa = XCBuildConfiguration;
			buildSettings = {
				ALWAYS_SEARCH_USER_PATHS = NO;
				ASSETCATALOG_COMPILER_GENERATE_SWIFT_ASSET_SYMBOL_EXTENSIONS = YES;
				CLANG_ANALYZER_NONNULL = YES;
				CLANG_ANALYZER_NUMBER_OBJECT_CONVERSION = YES_AGGRESSIVE;
				CLANG_CXX_LANGUAGE_STANDARD = "gnu++20";
				CLANG_ENABLE_MODULES = YES;
				CLANG_ENABLE_OBJC_ARC = YES;
				CLANG_ENABLE_OBJC_WEAK = YES;
				CLANG_WARN_BLOCK_CAPTURE_AUTORELEASING = YES;
				CLANG_WARN_BOOL_CONVERSION = YES;
				CLANG_WARN_COMMA = YES;
				CLANG_WARN_CONSTANT_CONVERSION = YES;
				CLANG_WARN_DEPRECATED_OBJC_IMPLEMENTATIONS = YES;
				CLANG_WARN_DIRECT_OBJC_ISA_USAGE = YES_ERROR;
				CLANG_WARN_DOCUMENTATION_COMMENTS = YES;
				CLANG_WARN_EMPTY_BODY = YES;
				CLANG_WARN_ENUM_CONVERSION = YES;
				CLANG_WARN_INFINITE_RECURSION = YES;
				CLANG_WARN_INT_CONVERSION = YES;
				CLANG_WARN_NON_LITERAL_NULL_CONVERSION = YES;
				CLANG_WARN_OBJC_IMPLICIT_RETAIN_SELF = YES;
				CLANG_WARN_OBJC_LITERAL_CONVERSION = YES;
				CLANG_WARN_OBJC_ROOT_CLASS = YES_ERROR;
				CLANG_WARN_QUOTED_INCLUDE_IN_FRAMEWORK_HEADER = YES;
				CLANG_WARN_RANGE_LOOP_ANALYSIS = YES;
				CLANG_WARN_STRICT_PROTOTYPES = YES;
				CLANG_WARN_SUSPICIOUS_MOVE = YES;
				CLANG_WARN_UNGUARDED_AVAILABILITY = YES_AGGRESSIVE;
				CLANG_WARN_UNREACHABLE_CODE = YES;
				CLANG_WARN__DUPLICATE_METHOD_MATCH = YES;
				COPY_PHASE_STRIP = NO;
				DEBUG_INFORMATION_FORMAT = dwarf;
				ENABLE_STRICT_OBJC_MSGSEND = YES;
				ENABLE_TESTABILITY = YES;
				ENABLE_USER_SCRIPT_SANDBOXING = YES;
				GCC_C_LANGUAGE_STANDARD = gnu17;
				GCC_DYNAMIC_NO_PIC = NO;
				GCC_NO_COMMON_BLOCKS = YES;
				GCC_OPTIMIZATION_LEVEL = 0;
				GCC_PREPROCESSOR_DEFINITIONS = (
					"DEBUG=1",
					"$(inherited)",
				);
				GCC_WARN_64_TO_32_BIT_CONVERSION = YES;
				GCC_WARN_ABOUT_RETURN_TYPE = YES_ERROR;
				GCC_WARN_UNDECLARED_SELECTOR = YES;
				GCC_WARN_UNINITIALIZED_AUTOS = YES_AGGRESSIVE;
				GCC_WARN_UNUSED_FUNCTION = YES;
				GCC_WARN_UNUSED_VARIABLE = YES;
				IPHONEOS_DEPLOYMENT_TARGET = 17.5;
				LOCALIZATION_PREFERS_STRING_CATALOGS = YES;
				MTL_ENABLE_DEBUG_INFO = INCLUDE_SOURCE;
				MTL_FAST_MATH = YES;
				ONLY_ACTIVE_ARCH = YES;
				SDKROOT = iphoneos;
				SWIFT_ACTIVE_COMPILATION_CONDITIONS = "DEBUG $(inherited)";
				SWIFT_OPTIMIZATION_LEVEL = "-Onone";
			};
			name = Debug;
		};
		DCA3125B2C7A251F00D2D0C2 /* Release */ = {
			isa = XCBuildConfiguration;
			buildSettings = {
				ALWAYS_SEARCH_USER_PATHS = NO;
				ASSETCATALOG_COMPILER_GENERATE_SWIFT_ASSET_SYMBOL_EXTENSIONS = YES;
				CLANG_ANALYZER_NONNULL = YES;
				CLANG_ANALYZER_NUMBER_OBJECT_CONVERSION = YES_AGGRESSIVE;
				CLANG_CXX_LANGUAGE_STANDARD = "gnu++20";
				CLANG_ENABLE_MODULES = YES;
				CLANG_ENABLE_OBJC_ARC = YES;
				CLANG_ENABLE_OBJC_WEAK = YES;
				CLANG_WARN_BLOCK_CAPTURE_AUTORELEASING = YES;
				CLANG_WARN_BOOL_CONVERSION = YES;
				CLANG_WARN_COMMA = YES;
				CLANG_WARN_CONSTANT_CONVERSION = YES;
				CLANG_WARN_DEPRECATED_OBJC_IMPLEMENTATIONS = YES;
				CLANG_WARN_DIRECT_OBJC_ISA_USAGE = YES_ERROR;
				CLANG_WARN_DOCUMENTATION_COMMENTS = YES;
				CLANG_WARN_EMPTY_BODY = YES;
				CLANG_WARN_ENUM_CONVERSION = YES;
				CLANG_WARN_INFINITE_RECURSION = YES;
				CLANG_WARN_INT_CONVERSION = YES;
				CLANG_WARN_NON_LITERAL_NULL_CONVERSION = YES;
				CLANG_WARN_OBJC_IMPLICIT_RETAIN_SELF = YES;
				CLANG_WARN_OBJC_LITERAL_CONVERSION = YES;
				CLANG_WARN_OBJC_ROOT_CLASS = YES_ERROR;
				CLANG_WARN_QUOTED_INCLUDE_IN_FRAMEWORK_HEADER = YES;
				CLANG_WARN_RANGE_LOOP_ANALYSIS = YES;
				CLANG_WARN_STRICT_PROTOTYPES = YES;
				CLANG_WARN_SUSPICIOUS_MOVE = YES;
				CLANG_WARN_UNGUARDED_AVAILABILITY = YES_AGGRESSIVE;
				CLANG_WARN_UNREACHABLE_CODE = YES;
				CLANG_WARN__DUPLICATE_METHOD_MATCH = YES;
				COPY_PHASE_STRIP = NO;
				DEBUG_INFORMATION_FORMAT = "dwarf-with-dsym";
				ENABLE_NS_ASSERTIONS = NO;
				ENABLE_STRICT_OBJC_MSGSEND = YES;
				ENABLE_USER_SCRIPT_SANDBOXING = YES;
				GCC_C_LANGUAGE_STANDARD = gnu17;
				GCC_NO_COMMON_BLOCKS = YES;
				GCC_WARN_64_TO_32_BIT_CONVERSION = YES;
				GCC_WARN_ABOUT_RETURN_TYPE = YES_ERROR;
				GCC_WARN_UNDECLARED_SELECTOR = YES;
				GCC_WARN_UNINITIALIZED_AUTOS = YES_AGGRESSIVE;
				GCC_WARN_UNUSED_FUNCTION = YES;
				GCC_WARN_UNUSED_VARIABLE = YES;
				IPHONEOS_DEPLOYMENT_TARGET = 17.5;
				LOCALIZATION_PREFERS_STRING_CATALOGS = YES;
				MTL_ENABLE_DEBUG_INFO = NO;
				MTL_FAST_MATH = YES;
				SDKROOT = iphoneos;
				SWIFT_COMPILATION_MODE = wholemodule;
				VALIDATE_PRODUCT = YES;
			};
			name = Release;
		};
		DCA3125D2C7A251F00D2D0C2 /* Debug */ = {
			isa = XCBuildConfiguration;
			buildSettings = {
				ASSETCATALOG_COMPILER_APPICON_NAME = AppIcon;
				ASSETCATALOG_COMPILER_GLOBAL_ACCENT_COLOR_NAME = AccentColor;
				CODE_SIGN_STYLE = Automatic;
				CURRENT_PROJECT_VERSION = 1;
				DEVELOPMENT_TEAM = 5P5HZ4F34W;
				GENERATE_INFOPLIST_FILE = YES;
				INFOPLIST_FILE = TodoListTest/Info.plist;
				INFOPLIST_KEY_UIApplicationSupportsIndirectInputEvents = YES;
				INFOPLIST_KEY_UILaunchStoryboardName = LaunchScreen;
				INFOPLIST_KEY_UIMainStoryboardFile = Main;
				INFOPLIST_KEY_UISupportedInterfaceOrientations_iPad = "UIInterfaceOrientationPortrait UIInterfaceOrientationPortraitUpsideDown UIInterfaceOrientationLandscapeLeft UIInterfaceOrientationLandscapeRight";
				INFOPLIST_KEY_UISupportedInterfaceOrientations_iPhone = "UIInterfaceOrientationPortrait UIInterfaceOrientationLandscapeLeft UIInterfaceOrientationLandscapeRight";
				LD_RUNPATH_SEARCH_PATHS = (
					"$(inherited)",
					"@executable_path/Frameworks",
				);
				MARKETING_VERSION = 1.0;
				PRODUCT_BUNDLE_IDENTIFIER = com.antonbaskakov.TodoListTest;
				PRODUCT_NAME = "$(TARGET_NAME)";
				SUPPORTED_PLATFORMS = "iphoneos iphonesimulator";
				SUPPORTS_MACCATALYST = NO;
				SUPPORTS_MAC_DESIGNED_FOR_IPHONE_IPAD = NO;
				SUPPORTS_XR_DESIGNED_FOR_IPHONE_IPAD = NO;
				SWIFT_EMIT_LOC_STRINGS = YES;
				SWIFT_VERSION = 5.0;
				TARGETED_DEVICE_FAMILY = 1;
			};
			name = Debug;
		};
		DCA3125E2C7A251F00D2D0C2 /* Release */ = {
			isa = XCBuildConfiguration;
			buildSettings = {
				ASSETCATALOG_COMPILER_APPICON_NAME = AppIcon;
				ASSETCATALOG_COMPILER_GLOBAL_ACCENT_COLOR_NAME = AccentColor;
				CODE_SIGN_STYLE = Automatic;
				CURRENT_PROJECT_VERSION = 1;
				DEVELOPMENT_TEAM = 5P5HZ4F34W;
				GENERATE_INFOPLIST_FILE = YES;
				INFOPLIST_FILE = TodoListTest/Info.plist;
				INFOPLIST_KEY_UIApplicationSupportsIndirectInputEvents = YES;
				INFOPLIST_KEY_UILaunchStoryboardName = LaunchScreen;
				INFOPLIST_KEY_UIMainStoryboardFile = Main;
				INFOPLIST_KEY_UISupportedInterfaceOrientations_iPad = "UIInterfaceOrientationPortrait UIInterfaceOrientationPortraitUpsideDown UIInterfaceOrientationLandscapeLeft UIInterfaceOrientationLandscapeRight";
				INFOPLIST_KEY_UISupportedInterfaceOrientations_iPhone = "UIInterfaceOrientationPortrait UIInterfaceOrientationLandscapeLeft UIInterfaceOrientationLandscapeRight";
				LD_RUNPATH_SEARCH_PATHS = (
					"$(inherited)",
					"@executable_path/Frameworks",
				);
				MARKETING_VERSION = 1.0;
				PRODUCT_BUNDLE_IDENTIFIER = com.antonbaskakov.TodoListTest;
				PRODUCT_NAME = "$(TARGET_NAME)";
				SUPPORTED_PLATFORMS = "iphoneos iphonesimulator";
				SUPPORTS_MACCATALYST = NO;
				SUPPORTS_MAC_DESIGNED_FOR_IPHONE_IPAD = NO;
				SUPPORTS_XR_DESIGNED_FOR_IPHONE_IPAD = NO;
				SWIFT_EMIT_LOC_STRINGS = YES;
				SWIFT_VERSION = 5.0;
				TARGETED_DEVICE_FAMILY = 1;
			};
			name = Release;
		};
/* End XCBuildConfiguration section */

/* Begin XCConfigurationList section */
		DCA312402C7A251D00D2D0C2 /* Build configuration list for PBXProject "TodoListTest" */ = {
			isa = XCConfigurationList;
			buildConfigurations = (
				DCA3125A2C7A251F00D2D0C2 /* Debug */,
				DCA3125B2C7A251F00D2D0C2 /* Release */,
			);
			defaultConfigurationIsVisible = 0;
			defaultConfigurationName = Release;
		};
		DCA3125C2C7A251F00D2D0C2 /* Build configuration list for PBXNativeTarget "TodoListTest" */ = {
			isa = XCConfigurationList;
			buildConfigurations = (
				DCA3125D2C7A251F00D2D0C2 /* Debug */,
				DCA3125E2C7A251F00D2D0C2 /* Release */,
			);
			defaultConfigurationIsVisible = 0;
			defaultConfigurationName = Release;
		};
/* End XCConfigurationList section */

/* Begin XCVersionGroup section */
		DC9DD10C2C7D0BA70074CCF9 /* CoreDataModel.xcdatamodeld */ = {
			isa = XCVersionGroup;
			children = (
				DC9DD10D2C7D0BA70074CCF9 /* Todo.xcdatamodel */,
			);
			currentVersion = DC9DD10D2C7D0BA70074CCF9 /* Todo.xcdatamodel */;
			path = CoreDataModel.xcdatamodeld;
			sourceTree = "<group>";
			versionGroupType = wrapper.xcdatamodel;
		};
/* End XCVersionGroup section */
	};
	rootObject = DCA3123D2C7A251D00D2D0C2 /* Project object */;
}
